
Microsoft Visual Studio Solution File, Format Version 12.00
# Visual Studio 2013
VisualStudioVersion = 12.0.30723.0
MinimumVisualStudioVersion = 10.0.40219.1
Project("{FAE04EC0-301F-11D3-BF4B-00C04F79EFBC}") = "SortSRT", "SortSRT\SortSRT.csproj", "{C7046BE3-8AAA-4265-9692-AD563EEA2EE1}"
EndProject
Project("{FAE04EC0-301F-11D3-BF4B-00C04F79EFBC}") = "ReadSubtitlesLib", "ReadSubtitlesLib\ReadSubtitlesLib.csproj", "{085B74EE-D8E0-4EE5-9AAF-2D116C2A152E}"
EndProject
Global
	GlobalSection(SolutionConfigurationPlatforms) = preSolution
		Debug|Any CPU = Debug|Any CPU
		Release|Any CPU = Release|Any CPU
	EndGlobalSection
	GlobalSection(ProjectConfigurationPlatforms) = postSolution
		{C7046BE3-8AAA-4265-9692-AD563EEA2EE1}.Debug|Any CPU.ActiveCfg = Debug|Any CPU
		{C7046BE3-8AAA-4265-9692-AD563EEA2EE1}.Debug|Any CPU.Build.0 = Debug|Any CPU
		{C7046BE3-8AAA-4265-9692-AD563EEA2EE1}.Release|Any CPU.ActiveCfg = Release|Any CPU
		{C7046BE3-8AAA-4265-9692-AD563EEA2EE1}.Release|Any CPU.Build.0 = Release|Any CPU
		{085B74EE-D8E0-4EE5-9AAF-2D116C2A152E}.Debug|Any CPU.ActiveCfg = Debug|Any CPU
		{085B74EE-D8E0-4EE5-9AAF-2D116C2A152E}.Debug|Any CPU.Build.0 = Debug|Any CPU
		{085B74EE-D8E0-4EE5-9AAF-2D116C2A152E}.Release|Any CPU.ActiveCfg = Release|Any CPU
		{085B74EE-D8E0-4EE5-9AAF-2D116C2A152E}.Release|Any CPU.Build.0 = Release|Any CPU
	EndGlobalSection
	GlobalSection(SolutionProperties) = preSolution
		HideSolutionNode = FALSE
	EndGlobalSection
EndGlobal
